
Microsoft Visual Studio Solution File, Format Version 12.00
# Visual Studio 2013
VisualStudioVersion = 12.0.31101.0
MinimumVisualStudioVersion = 10.0.40219.1
Project("{FAE04EC0-301F-11D3-BF4B-00C04F79EFBC}") = "getData", "getData\getData.csproj", "{D005252A-EC58-4AE4-9988-EBB6845CBABC}"
EndProject
Global
	GlobalSection(SolutionConfigurationPlatforms) = preSolution
		Debug|Any CPU = Debug|Any CPU
		Release|Any CPU = Release|Any CPU
	EndGlobalSection
	GlobalSection(ProjectConfigurationPlatforms) = postSolution
		{D005252A-EC58-4AE4-9988-EBB6845CBABC}.Debug|Any CPU.ActiveCfg = Debug|Any CPU
		{D005252A-EC58-4AE4-9988-EBB6845CBABC}.Debug|Any CPU.Build.0 = Debug|Any CPU
		{D005252A-EC58-4AE4-9988-EBB6845CBABC}.Release|Any CPU.ActiveCfg = Release|Any CPU
		{D005252A-EC58-4AE4-9988-EBB6845CBABC}.Release|Any CPU.Build.0 = Release|Any CPU
	EndGlobalSection
	GlobalSection(SolutionProperties) = preSolution
		HideSolutionNode = FALSE
	EndGlobalSection
EndGlobal
